{
  "name": "TheOneClick",
  "version": "unspecified",
  "lockfileVersion": 3,
  "requires": true,
  "packages": {
    "": {
      "name": "TheOneClick",
      "version": "unspecified",
      "workspaces": [
        "packages/TheOneClick-client-app",
        "packages/TheOneClick-client-app-test",
        "packages/TheOneClick-shared-logging",
        "packages/TheOneClick-shared-logging-test",
        "packages/TheOneClick-shared-contracts-core",
        "packages/TheOneClick-shared-contracts-core-test",
        "packages/TheOneClick-shared-contracts-auth",
        "packages/TheOneClick-shared-contracts-auth-test",
        "packages/TheOneClick-shared-dispatchers",
        "packages/TheOneClick-shared-dispatchers-test",
        "packages/TheOneClick-shared-timeProvider",
        "packages/TheOneClick-shared-timeProvider-test",
        "packages/TheOneClick-client-shared-di",
        "packages/TheOneClick-client-shared-di-test",
        "packages/TheOneClick-client-shared-network",
        "packages/TheOneClick-client-shared-network-test",
        "packages/TheOneClick-client-shared-navigation",
        "packages/TheOneClick-client-shared-navigation-test",
        "packages/TheOneClick-client-shared-ui",
        "packages/TheOneClick-client-shared-ui-test",
        "packages/TheOneClick-client-shared-notifications",
        "packages/TheOneClick-client-shared-notifications-test",
        "packages/TheOneClick-client-features-home",
        "packages/TheOneClick-client-features-home-test",
        "packages/TheOneClick-shared-contracts-homes",
        "packages/TheOneClick-shared-contracts-homes-test",
        "packages_imported/skiko-wasm-js/0.9.4-2",
        "packages_imported/skiko-js-wasm-runtime/0.9.4-2",
        "packages_imported/Kotlin-DateTime-library-kotlinx-datetime-wasm-js/0.6.0",
        "packages_imported/ktor-ktor-client-core-wasm-js/3.2.0"
      ],
      "devDependencies": {}
    },
    "node_modules/@js-joda/core": {
      "version": "3.2.0",
      "resolved": "https://registry.npmjs.org/@js-joda/core/-/core-3.2.0.tgz",
      "integrity": "sha512-PMqgJ0sw5B7FKb2d5bWYIoxjri+QlW/Pys7+Rw82jSH0QN3rB05jZ/VrrsUdh1w4+i2kw9JOejXGq/KhDOX7Kg=="
    },
    "node_modules/format-util": {
      "version": "1.0.5",
      "resolved": "https://registry.npmjs.org/format-util/-/format-util-1.0.5.tgz",
      "integrity": "sha512-varLbTj0e0yVyRpqQhuWV+8hlePAgaoFRhNFj50BNjEIrw1/DphHSObtqwskVCPWNgzwPoQrZAbfa/SBiicNeg=="
    },
    "node_modules/Kotlin-DateTime-library-kotlinx-datetime-wasm-js": {
      "resolved": "packages_imported/Kotlin-DateTime-library-kotlinx-datetime-wasm-js/0.6.0",
      "link": true
    },
    "node_modules/ktor-ktor-client-core-wasm-js": {
      "resolved": "packages_imported/ktor-ktor-client-core-wasm-js/3.2.0",
      "link": true
    },
    "node_modules/skiko-js-wasm-runtime": {
      "resolved": "packages_imported/skiko-js-wasm-runtime/0.9.4-2",
      "link": true
    },
    "node_modules/skiko-wasm-js": {
      "resolved": "packages_imported/skiko-wasm-js/0.9.4-2",
      "link": true
    },
    "node_modules/TheOneClick-client-app": {
      "resolved": "packages/TheOneClick-client-app",
      "link": true
    },
    "node_modules/TheOneClick-client-app-test": {
      "resolved": "packages/TheOneClick-client-app-test",
      "link": true
    },
    "node_modules/TheOneClick-client-features-home": {
      "resolved": "packages/TheOneClick-client-features-home",
      "link": true
    },
    "node_modules/TheOneClick-client-features-home-test": {
      "resolved": "packages/TheOneClick-client-features-home-test",
      "link": true
    },
    "node_modules/TheOneClick-client-shared-di": {
      "resolved": "packages/TheOneClick-client-shared-di",
      "link": true
    },
    "node_modules/TheOneClick-client-shared-di-test": {
      "resolved": "packages/TheOneClick-client-shared-di-test",
      "link": true
    },
    "node_modules/TheOneClick-client-shared-navigation": {
      "resolved": "packages/TheOneClick-client-shared-navigation",
      "link": true
    },
    "node_modules/TheOneClick-client-shared-navigation-test": {
      "resolved": "packages/TheOneClick-client-shared-navigation-test",
      "link": true
    },
    "node_modules/TheOneClick-client-shared-network": {
      "resolved": "packages/TheOneClick-client-shared-network",
      "link": true
    },
    "node_modules/TheOneClick-client-shared-network-test": {
      "resolved": "packages/TheOneClick-client-shared-network-test",
      "link": true
    },
    "node_modules/TheOneClick-client-shared-notifications": {
      "resolved": "packages/TheOneClick-client-shared-notifications",
      "link": true
    },
    "node_modules/TheOneClick-client-shared-notifications-test": {
      "resolved": "packages/TheOneClick-client-shared-notifications-test",
      "link": true
    },
    "node_modules/TheOneClick-client-shared-ui": {
      "resolved": "packages/TheOneClick-client-shared-ui",
      "link": true
    },
    "node_modules/TheOneClick-client-shared-ui-test": {
      "resolved": "packages/TheOneClick-client-shared-ui-test",
      "link": true
    },
    "node_modules/TheOneClick-shared-contracts-auth": {
      "resolved": "packages/TheOneClick-shared-contracts-auth",
      "link": true
    },
    "node_modules/TheOneClick-shared-contracts-auth-test": {
      "resolved": "packages/TheOneClick-shared-contracts-auth-test",
      "link": true
    },
    "node_modules/TheOneClick-shared-contracts-core": {
      "resolved": "packages/TheOneClick-shared-contracts-core",
      "link": true
    },
    "node_modules/TheOneClick-shared-contracts-core-test": {
      "resolved": "packages/TheOneClick-shared-contracts-core-test",
      "link": true
    },
    "node_modules/TheOneClick-shared-contracts-homes": {
      "resolved": "packages/TheOneClick-shared-contracts-homes",
      "link": true
    },
    "node_modules/TheOneClick-shared-contracts-homes-test": {
      "resolved": "packages/TheOneClick-shared-contracts-homes-test",
      "link": true
    },
    "node_modules/TheOneClick-shared-dispatchers": {
      "resolved": "packages/TheOneClick-shared-dispatchers",
      "link": true
    },
    "node_modules/TheOneClick-shared-dispatchers-test": {
      "resolved": "packages/TheOneClick-shared-dispatchers-test",
      "link": true
    },
    "node_modules/TheOneClick-shared-logging": {
      "resolved": "packages/TheOneClick-shared-logging",
      "link": true
    },
    "node_modules/TheOneClick-shared-logging-test": {
      "resolved": "packages/TheOneClick-shared-logging-test",
      "link": true
    },
    "node_modules/TheOneClick-shared-timeProvider": {
      "resolved": "packages/TheOneClick-shared-timeProvider",
      "link": true
    },
    "node_modules/TheOneClick-shared-timeProvider-test": {
      "resolved": "packages/TheOneClick-shared-timeProvider-test",
      "link": true
    },
    "node_modules/ws": {
      "version": "8.18.0",
      "resolved": "https://registry.npmjs.org/ws/-/ws-8.18.0.tgz",
      "integrity": "sha512-8VbfWfHLbbwu3+N6OKsOMpBdT4kXPDDB9cJk2bJ6mh9ucxdlnNvH1e+roYkKmN9Nxw2yjz7VzeO9oOz2zJ04Pw==",
      "engines": {
        "node": ">=10.0.0"
      },
      "peerDependencies": {
        "bufferutil": "^4.0.1",
        "utf-8-validate": ">=5.0.2"
      },
      "peerDependenciesMeta": {
        "bufferutil": {
          "optional": true
        },
        "utf-8-validate": {
          "optional": true
        }
      }
    },
    "packages_imported/Kotlin-DateTime-library-kotlinx-datetime-wasm-js/0.6.0": {
      "name": "Kotlin-DateTime-library-kotlinx-datetime-wasm-js",
      "version": "0.6.0",
      "dependencies": {
        "@js-joda/core": "3.2.0",
        "format-util": "^1.0.5"
      },
      "devDependencies": {}
    },
    "packages_imported/ktor-ktor-client-core-wasm-js/3.2.0": {
      "name": "ktor-ktor-client-core-wasm-js",
      "version": "3.2.0",
      "dependencies": {
        "ws": "8.18.0"
      },
      "devDependencies": {}
    },
    "packages_imported/skiko-js-wasm-runtime/0.9.4-2": {
      "name": "skiko-js-wasm-runtime",
      "version": "0.9.4-2",
      "devDependencies": {}
    },
    "packages_imported/skiko-wasm-js/0.9.4-2": {
      "name": "skiko-wasm-js",
      "version": "0.9.4-2",
      "devDependencies": {}
    },
    "packages/TheOneClick-client-app": {
      "version": "0.0.0-unspecified",
      "dependencies": {
        "@js-joda/core": "3.2.0",
        "format-util": "^1.0.5",
        "ws": "8.18.0"
      },
      "devDependencies": {}
    },
    "packages/TheOneClick-client-app-test": {
      "version": "0.0.0-unspecified",
      "dependencies": {
        "@js-joda/core": "3.2.0",
        "format-util": "^1.0.5",
        "ws": "8.18.0"
      },
      "devDependencies": {}
    },
    "packages/TheOneClick-client-features-home": {
      "version": "0.0.0-unspecified",
      "dependencies": {
        "@js-joda/core": "3.2.0",
        "format-util": "^1.0.5",
        "ws": "8.18.0"
      },
      "devDependencies": {}
    },
    "packages/TheOneClick-client-features-home-test": {
      "version": "0.0.0-unspecified",
      "dependencies": {
        "@js-joda/core": "3.2.0",
        "format-util": "^1.0.5",
        "ws": "8.18.0"
      },
      "devDependencies": {}
    },
    "packages/TheOneClick-client-shared-di": {
      "version": "0.0.0-unspecified",
      "dependencies": {
        "ws": "8.18.0"
      },
      "devDependencies": {}
    },
    "packages/TheOneClick-client-shared-di-test": {
      "version": "0.0.0-unspecified",
      "dependencies": {
        "ws": "8.18.0"
      },
      "devDependencies": {}
    },
    "packages/TheOneClick-client-shared-navigation": {
      "version": "0.0.0-unspecified",
      "devDependencies": {}
    },
    "packages/TheOneClick-client-shared-navigation-test": {
      "version": "0.0.0-unspecified",
      "devDependencies": {}
    },
    "packages/TheOneClick-client-shared-network": {
      "version": "0.0.0-unspecified",
      "dependencies": {
        "ws": "8.18.0"
      },
      "devDependencies": {}
    },
    "packages/TheOneClick-client-shared-network-test": {
      "version": "0.0.0-unspecified",
      "dependencies": {
        "ws": "8.18.0"
      },
      "devDependencies": {}
    },
    "packages/TheOneClick-client-shared-notifications": {
      "version": "0.0.0-unspecified",
      "devDependencies": {}
    },
    "packages/TheOneClick-client-shared-notifications-test": {
      "version": "0.0.0-unspecified",
      "devDependencies": {}
    },
    "packages/TheOneClick-client-shared-ui": {
      "version": "0.0.0-unspecified",
      "dependencies": {
        "@js-joda/core": "3.2.0",
        "format-util": "^1.0.5"
      },
      "devDependencies": {}
    },
    "packages/TheOneClick-client-shared-ui-test": {
      "version": "0.0.0-unspecified",
      "dependencies": {
        "@js-joda/core": "3.2.0",
        "format-util": "^1.0.5"
      },
      "devDependencies": {}
    },
    "packages/TheOneClick-shared-contracts-auth": {
      "version": "0.0.0-unspecified",
      "devDependencies": {}
    },
    "packages/TheOneClick-shared-contracts-auth-test": {
      "version": "0.0.0-unspecified",
      "devDependencies": {}
    },
    "packages/TheOneClick-shared-contracts-core": {
      "version": "0.0.0-unspecified",
      "devDependencies": {}
    },
    "packages/TheOneClick-shared-contracts-core-test": {
      "version": "0.0.0-unspecified",
      "devDependencies": {}
    },
    "packages/TheOneClick-shared-contracts-homes": {
      "version": "0.0.0-unspecified",
      "devDependencies": {}
    },
    "packages/TheOneClick-shared-contracts-homes-test": {
      "version": "0.0.0-unspecified",
      "devDependencies": {}
    },
    "packages/TheOneClick-shared-dispatchers": {
      "version": "0.0.0-unspecified",
      "devDependencies": {}
    },
    "packages/TheOneClick-shared-dispatchers-test": {
      "version": "0.0.0-unspecified",
      "devDependencies": {}
    },
    "packages/TheOneClick-shared-logging": {
      "version": "0.0.0-unspecified",
      "devDependencies": {}
    },
    "packages/TheOneClick-shared-logging-test": {
      "version": "0.0.0-unspecified",
      "devDependencies": {}
    },
    "packages/TheOneClick-shared-timeProvider": {
      "version": "0.0.0-unspecified",
      "devDependencies": {}
    },
    "packages/TheOneClick-shared-timeProvider-test": {
      "version": "0.0.0-unspecified",
      "devDependencies": {}
    }
  }
}
